
Microsoft Visual Studio Solution File, Format Version 12.00
# Visual Studio Version 17
VisualStudioVersion = 17.9.34622.214
MinimumVisualStudioVersion = 10.0.40219.1
Project("{FAE04EC0-301F-11D3-BF4B-00C04F79EFBC}") = "ClassLibrary", "ClassLibrary\ClassLibrary.csproj", "{D7626E0B-3BCD-458A-AD3C-32C2E44866C8}"
EndProject
Project("{FAE04EC0-301F-11D3-BF4B-00C04F79EFBC}") = "ClassLibraryTests", "ClassLibraryTests\ClassLibraryTests.csproj", "{6668425C-A9EF-4451-8173-D11659BC91F9}"
EndProject
Global
	GlobalSection(SolutionConfigurationPlatforms) = preSolution
		Debug|Any CPU = Debug|Any CPU
		Release|Any CPU = Release|Any CPU
	EndGlobalSection
	GlobalSection(ProjectConfigurationPlatforms) = postSolution
		{D7626E0B-3BCD-458A-AD3C-32C2E44866C8}.Debug|Any CPU.ActiveCfg = Debug|Any CPU
		{D7626E0B-3BCD-458A-AD3C-32C2E44866C8}.Debug|Any CPU.Build.0 = Debug|Any CPU
		{D7626E0B-3BCD-458A-AD3C-32C2E44866C8}.Release|Any CPU.ActiveCfg = Release|Any CPU
		{D7626E0B-3BCD-458A-AD3C-32C2E44866C8}.Release|Any CPU.Build.0 = Release|Any CPU
		{6668425C-A9EF-4451-8173-D11659BC91F9}.Debug|Any CPU.ActiveCfg = Debug|Any CPU
		{6668425C-A9EF-4451-8173-D11659BC91F9}.Debug|Any CPU.Build.0 = Debug|Any CPU
		{6668425C-A9EF-4451-8173-D11659BC91F9}.Release|Any CPU.ActiveCfg = Release|Any CPU
		{6668425C-A9EF-4451-8173-D11659BC91F9}.Release|Any CPU.Build.0 = Release|Any CPU
	EndGlobalSection
	GlobalSection(SolutionProperties) = preSolution
		HideSolutionNode = FALSE
	EndGlobalSection
	GlobalSection(ExtensibilityGlobals) = postSolution
		SolutionGuid = {6BC712A1-7372-4BA4-BAA0-BBB784215991}
	EndGlobalSection
EndGlobal
